
Microsoft Visual Studio Solution File, Format Version 12.00
# Visual Studio Version 16
VisualStudioVersion = 16.0.31025.194
MinimumVisualStudioVersion = 10.0.40219.1
Project("{FAE04EC0-301F-11D3-BF4B-00C04F79EFBC}") = "BMSharp", "BMSharp\BMSharp.csproj", "{62DECE43-28EA-4926-B21D-8B7BBD8D606F}"
EndProject
Project("{FAE04EC0-301F-11D3-BF4B-00C04F79EFBC}") = "BMSharp.Test", "BMSharp.Test\BMSharp.Test.csproj", "{667B5C54-F989-46AF-BEA8-D4608D28C3B0}"
EndProject
Global
	GlobalSection(SolutionConfigurationPlatforms) = preSolution
		Debug|Any CPU = Debug|Any CPU
		Release|Any CPU = Release|Any CPU
	EndGlobalSection
	GlobalSection(ProjectConfigurationPlatforms) = postSolution
		{62DECE43-28EA-4926-B21D-8B7BBD8D606F}.Debug|Any CPU.ActiveCfg = Debug|Any CPU
		{62DECE43-28EA-4926-B21D-8B7BBD8D606F}.Debug|Any CPU.Build.0 = Debug|Any CPU
		{62DECE43-28EA-4926-B21D-8B7BBD8D606F}.Release|Any CPU.ActiveCfg = Release|Any CPU
		{62DECE43-28EA-4926-B21D-8B7BBD8D606F}.Release|Any CPU.Build.0 = Release|Any CPU
		{667B5C54-F989-46AF-BEA8-D4608D28C3B0}.Debug|Any CPU.ActiveCfg = Debug|Any CPU
		{667B5C54-F989-46AF-BEA8-D4608D28C3B0}.Debug|Any CPU.Build.0 = Debug|Any CPU
		{667B5C54-F989-46AF-BEA8-D4608D28C3B0}.Release|Any CPU.ActiveCfg = Release|Any CPU
		{667B5C54-F989-46AF-BEA8-D4608D28C3B0}.Release|Any CPU.Build.0 = Release|Any CPU
	EndGlobalSection
	GlobalSection(SolutionProperties) = preSolution
		HideSolutionNode = FALSE
	EndGlobalSection
	GlobalSection(ExtensibilityGlobals) = postSolution
		SolutionGuid = {F152CD9F-C1DF-4333-9EF2-E6AB8B9C39AD}
	EndGlobalSection
EndGlobal
